{
  "lockfileVersion": 1,
  "workspaces": {
    "": {
      "name": "email-consumer",
      "dependencies": {
        "kafkajs": "^2.2.4",
        "nodemailer": "^6.9.7",
      },
      "devDependencies": {
        "@types/nodemailer": "^6.4.14",
      },
    },
  },
  "packages": {
    "@types/node": ["@types/node@25.2.3", "", { "dependencies": { "undici-types": "~7.16.0" } }, "sha512-m0jEgYlYz+mDJZ2+F4v8D1AyQb+QzsNqRuI7xg1VQX/KlKS0qT9r1Mo16yo5F/MtifXFgaofIFsdFMox2SxIbQ=="],

    "@types/nodemailer": ["@types/nodemailer@6.4.22", "", { "dependencies": { "@types/node": "*" } }, "sha512-HV16KRsW7UyZBITE07B62k8PRAKFqRSFXn1T7vslurVjN761tMDBhk5Lbt17ehyTzK6XcyJnAgUpevrvkcVOzw=="],

    "kafkajs": ["kafkajs@2.2.4", "", {}, "sha512-j/YeapB1vfPT2iOIUn/vxdyKEuhuY2PxMBvf5JWux6iSaukAccrMtXEY/Lb7OvavDhOWME589bpLrEdnVHjfjA=="],

    "nodemailer": ["nodemailer@6.10.1", "", {}, "sha512-Z+iLaBGVaSjbIzQ4pX6XV41HrooLsQ10ZWPUehGmuantvzWoDVBnmsdUcOIDM1t+yPor5pDhVlDESgOMEGxhHA=="],

    "undici-types": ["undici-types@7.16.0", "", {}, "sha512-Zz+aZWSj8LE6zoxD+xrjh4VfkIG8Ya6LvYkZqtUQGJPZjYl53ypCaUwWqo7eI0x66KBGeRo+mlBEkMSeSZ38Nw=="],
  }
}
